
Microsoft Visual Studio Solution File, Format Version 12.00
# Visual Studio Version 16
VisualStudioVersion = 16.0.31105.61
MinimumVisualStudioVersion = 10.0.40219.1
Project("{9A19103F-16F7-4668-BE54-9A1E7A4F7556}") = "Inventory.Api", "Inventory.Api\Inventory.Api.csproj", "{16E9BB2D-996D-47CB-964F-DB4C97C89856}"
EndProject
Project("{E53339B2-1760-4266-BCC7-CA923CBCF16C}") = "docker-compose", "docker-compose.dcproj", "{73B07035-1119-4DCC-873B-F56B9EDF8640}"
EndProject
Project("{2150E333-8FDC-42A3-9474-1A3956D46DE8}") = "Solution Items", "Solution Items", "{922157A7-0856-48D8-AE04-6D33C8C32D18}"
	ProjectSection(SolutionItems) = preProject
		.dockerignore = .dockerignore
		.gitattributes = .gitattributes
		.gitignore = .gitignore
	EndProjectSection
EndProject
Global
	GlobalSection(SolutionConfigurationPlatforms) = preSolution
		Debug|Any CPU = Debug|Any CPU
		Release|Any CPU = Release|Any CPU
	EndGlobalSection
	GlobalSection(ProjectConfigurationPlatforms) = postSolution
		{16E9BB2D-996D-47CB-964F-DB4C97C89856}.Debug|Any CPU.ActiveCfg = Debug|Any CPU
		{16E9BB2D-996D-47CB-964F-DB4C97C89856}.Debug|Any CPU.Build.0 = Debug|Any CPU
		{16E9BB2D-996D-47CB-964F-DB4C97C89856}.Release|Any CPU.ActiveCfg = Release|Any CPU
		{16E9BB2D-996D-47CB-964F-DB4C97C89856}.Release|Any CPU.Build.0 = Release|Any CPU
		{73B07035-1119-4DCC-873B-F56B9EDF8640}.Debug|Any CPU.ActiveCfg = Debug|Any CPU
		{73B07035-1119-4DCC-873B-F56B9EDF8640}.Debug|Any CPU.Build.0 = Debug|Any CPU
		{73B07035-1119-4DCC-873B-F56B9EDF8640}.Release|Any CPU.ActiveCfg = Release|Any CPU
		{73B07035-1119-4DCC-873B-F56B9EDF8640}.Release|Any CPU.Build.0 = Release|Any CPU
	EndGlobalSection
	GlobalSection(SolutionProperties) = preSolution
		HideSolutionNode = FALSE
	EndGlobalSection
	GlobalSection(ExtensibilityGlobals) = postSolution
		SolutionGuid = {9D8ACCA5-C859-4153-8033-21873BE41E4A}
	EndGlobalSection
EndGlobal
